<?xml version="1.0" encoding="UTF-8"?>
<!DOCTYPE plist PUBLIC "-//Apple//DTD PLIST 1.0//EN" "http://www.apple.com/DTDs/PropertyList-1.0.dtd">
<plist version="1.0">
<dict>
	<key>archiveVersion</key>
	<string>1</string>
	<key>classes</key>
	<dict/>
	<key>objectVersion</key>
	<string>46</string>
	<key>objects</key>
	<dict>
		<key>3A480ED2196A69B1000E9DF2</key>
		<dict>
			<key>children</key>
			<array>
				<string>3A480EE0196A69B1000E9DF2</string>
				<string>3A480EF4196A69B1000E9DF2</string>
				<string>3A480EDD196A69B1000E9DF2</string>
				<string>3A480EDC196A69B1000E9DF2</string>
				<string>F2975EAAF21C4D788C891C58</string>
			</array>
			<key>isa</key>
			<string>PBXGroup</string>
			<key>sourceTree</key>
			<string>&lt;group&gt;</string>
		</dict>
		<key>3A480ED3196A69B1000E9DF2</key>
		<dict>
			<key>attributes</key>
			<dict>
				<key>LastUpgradeCheck</key>
				<string>0510</string>
				<key>ORGANIZATIONNAME</key>
				<string>Venmo</string>
			</dict>
			<key>buildConfigurationList</key>
			<string>3A480ED6196A69B1000E9DF2</string>
			<key>compatibilityVersion</key>
			<string>Xcode 3.2</string>
			<key>developmentRegion</key>
			<string>English</string>
			<key>hasScannedForEncodings</key>
			<string>0</string>
			<key>isa</key>
			<string>PBXProject</string>
			<key>knownRegions</key>
			<array>
				<string>en</string>
			</array>
			<key>mainGroup</key>
			<string>3A480ED2196A69B1000E9DF2</string>
			<key>productRefGroup</key>
			<string>3A480EDC196A69B1000E9DF2</string>
			<key>projectDirPath</key>
			<string></string>
			<key>projectReferences</key>
			<array/>
			<key>projectRoot</key>
			<string></string>
			<key>targets</key>
			<array>
				<string>3A480EDA196A69B1000E9DF2</string>
				<string>3A480EEA196A69B1000E9DF2</string>
			</array>
		</dict>
		<key>3A480ED6196A69B1000E9DF2</key>
		<dict>
			<key>buildConfigurations</key>
			<array>
				<string>3A480EFC196A69B1000E9DF2</string>
				<string>3A480EFD196A69B1000E9DF2</string>
			</array>
			<key>defaultConfigurationIsVisible</key>
			<string>0</string>
			<key>defaultConfigurationName</key>
			<string>Release</string>
			<key>isa</key>
			<string>XCConfigurationList</string>
		</dict>
		<key>3A480ED7196A69B1000E9DF2</key>
		<dict>
			<key>buildActionMask</key>
			<string>2147483647</string>
			<key>files</key>
			<array>
				<string>3A480F08196A6A6C000E9DF2</string>
				<string>3A480EE6196A69B1000E9DF2</string>
				<string>3A480F09196A6A6C000E9DF2</string>
			</array>
			<key>isa</key>
			<string>PBXSourcesBuildPhase</string>
			<key>runOnlyForDeploymentPostprocessing</key>
			<string>0</string>
		</dict>
		<key>3A480ED8196A69B1000E9DF2</key>
		<dict>
			<key>buildActionMask</key>
			<string>2147483647</string>
			<key>files</key>
			<array>
				<string>3A480EDF196A69B1000E9DF2</string>
			</array>
			<key>isa</key>
			<string>PBXFrameworksBuildPhase</string>
			<key>runOnlyForDeploymentPostprocessing</key>
			<string>0</string>
		</dict>
		<key>3A480ED9196A69B1000E9DF2</key>
		<dict>
			<key>buildActionMask</key>
			<string>2147483647</string>
			<key>dstPath</key>
			<string>include/$(PRODUCT_NAME)</string>
			<key>dstSubfolderSpec</key>
			<string>16</string>
			<key>files</key>
			<array>
				<string>3A480EE4196A69B1000E9DF2</string>
			</array>
			<key>isa</key>
			<string>PBXCopyFilesBuildPhase</string>
			<key>runOnlyForDeploymentPostprocessing</key>
			<string>0</string>
		</dict>
		<key>3A480EDA196A69B1000E9DF2</key>
		<dict>
			<key>buildConfigurationList</key>
			<string>3A480EFE196A69B1000E9DF2</string>
			<key>buildPhases</key>
			<array>
				<string>3A480ED7196A69B1000E9DF2</string>
				<string>3A480ED8196A69B1000E9DF2</string>
				<string>3A480ED9196A69B1000E9DF2</string>
			</array>
			<key>buildRules</key>
			<array/>
			<key>dependencies</key>
			<array/>
			<key>isa</key>
			<string>PBXNativeTarget</string>
			<key>name</key>
			<string>VENSeparatorView</string>
			<key>productName</key>
			<string>VENSeparatorView</string>
			<key>productReference</key>
			<string>3A480EDB196A69B1000E9DF2</string>
			<key>productType</key>
			<string>com.apple.product-type.library.static</string>
		</dict>
		<key>3A480EDB196A69B1000E9DF2</key>
		<dict>
			<key>explicitFileType</key>
			<string>archive.ar</string>
			<key>includeInIndex</key>
			<string>0</string>
			<key>isa</key>
			<string>PBXFileReference</string>
			<key>path</key>
			<string>libVENSeparatorView.a</string>
			<key>sourceTree</key>
			<string>BUILT_PRODUCTS_DIR</string>
		</dict>
		<key>3A480EDC196A69B1000E9DF2</key>
		<dict>
			<key>children</key>
			<array>
				<string>3A480EDB196A69B1000E9DF2</string>
				<string>3A480EEB196A69B1000E9DF2</string>
			</array>
			<key>isa</key>
			<string>PBXGroup</string>
			<key>name</key>
			<string>Products</string>
			<key>sourceTree</key>
			<string>&lt;group&gt;</string>
		</dict>
		<key>3A480EDD196A69B1000E9DF2</key>
		<dict>
			<key>children</key>
			<array>
				<string>3A480EDE196A69B1000E9DF2</string>
				<string>3A480EEC196A69B1000E9DF2</string>
				<string>3A480EEF196A69B1000E9DF2</string>
				<string>BC623462175E4923AD555866</string>
			</array>
			<key>isa</key>
			<string>PBXGroup</string>
			<key>name</key>
			<string>Frameworks</string>
			<key>sourceTree</key>
			<string>&lt;group&gt;</string>
		</dict>
		<key>3A480EDE196A69B1000E9DF2</key>
		<dict>
			<key>isa</key>
			<string>PBXFileReference</string>
			<key>lastKnownFileType</key>
			<string>wrapper.framework</string>
			<key>name</key>
			<string>Foundation.framework</string>
			<key>path</key>
			<string>System/Library/Frameworks/Foundation.framework</string>
			<key>sourceTree</key>
			<string>SDKROOT</string>
		</dict>
		<key>3A480EDF196A69B1000E9DF2</key>
		<dict>
			<key>fileRef</key>
			<string>3A480EDE196A69B1000E9DF2</string>
			<key>isa</key>
			<string>PBXBuildFile</string>
		</dict>
		<key>3A480EE0196A69B1000E9DF2</key>
		<dict>
			<key>children</key>
			<array>
				<string>3A480EE3196A69B1000E9DF2</string>
				<string>3A480EE5196A69B1000E9DF2</string>
				<string>3A480F04196A6A6C000E9DF2</string>
				<string>3A480F05196A6A6C000E9DF2</string>
				<string>3A480F06196A6A6C000E9DF2</string>
				<string>3A480F07196A6A6C000E9DF2</string>
				<string>3A480EE1196A69B1000E9DF2</string>
			</array>
			<key>isa</key>
			<string>PBXGroup</string>
			<key>path</key>
			<string>VENSeparatorView</string>
			<key>sourceTree</key>
			<string>&lt;group&gt;</string>
		</dict>
		<key>3A480EE1196A69B1000E9DF2</key>
		<dict>
			<key>children</key>
			<array>
				<string>3A480EE2196A69B1000E9DF2</string>
			</array>
			<key>isa</key>
			<string>PBXGroup</string>
			<key>name</key>
			<string>Supporting Files</string>
			<key>sourceTree</key>
			<string>&lt;group&gt;</string>
		</dict>
		<key>3A480EE2196A69B1000E9DF2</key>
		<dict>
			<key>isa</key>
			<string>PBXFileReference</string>
			<key>lastKnownFileType</key>
			<string>sourcecode.c.h</string>
			<key>path</key>
			<string>VENSeparatorView-Prefix.pch</string>
			<key>sourceTree</key>
			<string>&lt;group&gt;</string>
		</dict>
		<key>3A480EE3196A69B1000E9DF2</key>
		<dict>
			<key>isa</key>
			<string>PBXFileReference</string>
			<key>lastKnownFileType</key>
			<string>sourcecode.c.h</string>
			<key>path</key>
			<string>VENSeparatorView.h</string>
			<key>sourceTree</key>
			<string>&lt;group&gt;</string>
		</dict>
		<key>3A480EE4196A69B1000E9DF2</key>
		<dict>
			<key>fileRef</key>
			<string>3A480EE3196A69B1000E9DF2</string>
			<key>isa</key>
			<string>PBXBuildFile</string>
		</dict>
		<key>3A480EE5196A69B1000E9DF2</key>
		<dict>
			<key>isa</key>
			<string>PBXFileReference</string>
			<key>lastKnownFileType</key>
			<string>sourcecode.c.objc</string>
			<key>path</key>
			<string>VENSeparatorView.m</string>
			<key>sourceTree</key>
			<string>&lt;group&gt;</string>
		</dict>
		<key>3A480EE6196A69B1000E9DF2</key>
		<dict>
			<key>fileRef</key>
			<string>3A480EE5196A69B1000E9DF2</string>
			<key>isa</key>
			<string>PBXBuildFile</string>
		</dict>
		<key>3A480EE7196A69B1000E9DF2</key>
		<dict>
			<key>buildActionMask</key>
			<string>2147483647</string>
			<key>files</key>
			<array>
				<string>3A480F0D196A6A81000E9DF2</string>
				<string>3A480F0F196A6A81000E9DF2</string>
				<string>3A480F15196A6A9B000E9DF2</string>
				<string>3A480F16196A6A9B000E9DF2</string>
				<string>3A480F0E196A6A81000E9DF2</string>
			</array>
			<key>isa</key>
			<string>PBXSourcesBuildPhase</string>
			<key>runOnlyForDeploymentPostprocessing</key>
			<string>0</string>
		</dict>
		<key>3A480EE8196A69B1000E9DF2</key>
		<dict>
			<key>buildActionMask</key>
			<string>2147483647</string>
			<key>files</key>
			<array>
				<string>3A480EF3196A69B1000E9DF2</string>
				<string>3A480EED196A69B1000E9DF2</string>
				<string>3A480EF0196A69B1000E9DF2</string>
				<string>3A480EEE196A69B1000E9DF2</string>
				<string>74F4B74620514F6DA7DDB87E</string>
			</array>
			<key>isa</key>
			<string>PBXFrameworksBuildPhase</string>
			<key>runOnlyForDeploymentPostprocessing</key>
			<string>0</string>
		</dict>
		<key>3A480EE9196A69B1000E9DF2</key>
		<dict>
			<key>buildActionMask</key>
			<string>2147483647</string>
			<key>files</key>
			<array>
				<string>3A480EF9196A69B1000E9DF2</string>
			</array>
			<key>isa</key>
			<string>PBXResourcesBuildPhase</string>
			<key>runOnlyForDeploymentPostprocessing</key>
			<string>0</string>
		</dict>
		<key>3A480EEA196A69B1000E9DF2</key>
		<dict>
			<key>buildConfigurationList</key>
			<string>3A480F01196A69B1000E9DF2</string>
			<key>buildPhases</key>
			<array>
				<string>9AD2A13731D945248F69F76F</string>
				<string>3A480EE7196A69B1000E9DF2</string>
				<string>3A480EE8196A69B1000E9DF2</string>
				<string>3A480EE9196A69B1000E9DF2</string>
				<string>9BA8B84955ED47D78E76AD2D</string>
			</array>
			<key>buildRules</key>
			<array/>
			<key>dependencies</key>
			<array>
				<string>3A480EF2196A69B1000E9DF2</string>
			</array>
			<key>isa</key>
			<string>PBXNativeTarget</string>
			<key>name</key>
			<string>VENSeparatorViewTests</string>
			<key>productName</key>
			<string>VENSeparatorViewTests</string>
			<key>productReference</key>
			<string>3A480EEB196A69B1000E9DF2</string>
			<key>productType</key>
			<string>com.apple.product-type.bundle.unit-test</string>
		</dict>
		<key>3A480EEB196A69B1000E9DF2</key>
		<dict>
			<key>explicitFileType</key>
			<string>wrapper.cfbundle</string>
			<key>includeInIndex</key>
			<string>0</string>
			<key>isa</key>
			<string>PBXFileReference</string>
			<key>path</key>
			<string>VENSeparatorViewTests.xctest</string>
			<key>sourceTree</key>
			<string>BUILT_PRODUCTS_DIR</string>
		</dict>
		<key>3A480EEC196A69B1000E9DF2</key>
		<dict>
			<key>isa</key>
			<string>PBXFileReference</string>
			<key>lastKnownFileType</key>
			<string>wrapper.framework</string>
			<key>name</key>
			<string>XCTest.framework</string>
			<key>path</key>
			<string>Library/Frameworks/XCTest.framework</string>
			<key>sourceTree</key>
			<string>DEVELOPER_DIR</string>
		</dict>
		<key>3A480EED196A69B1000E9DF2</key>
		<dict>
			<key>fileRef</key>
			<string>3A480EEC196A69B1000E9DF2</string>
			<key>isa</key>
			<string>PBXBuildFile</string>
		</dict>
		<key>3A480EEE196A69B1000E9DF2</key>
		<dict>
			<key>fileRef</key>
			<string>3A480EDE196A69B1000E9DF2</string>
			<key>isa</key>
			<string>PBXBuildFile</string>
		</dict>
		<key>3A480EEF196A69B1000E9DF2</key>
		<dict>
			<key>isa</key>
			<string>PBXFileReference</string>
			<key>lastKnownFileType</key>
			<string>wrapper.framework</string>
			<key>name</key>
			<string>UIKit.framework</string>
			<key>path</key>
			<string>Library/Frameworks/UIKit.framework</string>
			<key>sourceTree</key>
			<string>DEVELOPER_DIR</string>
		</dict>
		<key>3A480EF0196A69B1000E9DF2</key>
		<dict>
			<key>fileRef</key>
			<string>3A480EEF196A69B1000E9DF2</string>
			<key>isa</key>
			<string>PBXBuildFile</string>
		</dict>
		<key>3A480EF1196A69B1000E9DF2</key>
		<dict>
			<key>containerPortal</key>
			<string>3A480ED3196A69B1000E9DF2</string>
			<key>isa</key>
			<string>PBXContainerItemProxy</string>
			<key>proxyType</key>
			<string>1</string>
			<key>remoteGlobalIDString</key>
			<string>3A480EDA196A69B1000E9DF2</string>
			<key>remoteInfo</key>
			<string>VENSeparatorView</string>
		</dict>
		<key>3A480EF2196A69B1000E9DF2</key>
		<dict>
			<key>isa</key>
			<string>PBXTargetDependency</string>
			<key>target</key>
			<string>3A480EDA196A69B1000E9DF2</string>
			<key>targetProxy</key>
			<string>3A480EF1196A69B1000E9DF2</string>
		</dict>
		<key>3A480EF3196A69B1000E9DF2</key>
		<dict>
			<key>fileRef</key>
			<string>3A480EDB196A69B1000E9DF2</string>
			<key>isa</key>
			<string>PBXBuildFile</string>
		</dict>
		<key>3A480EF4196A69B1000E9DF2</key>
		<dict>
			<key>children</key>
			<array>
				<string>3A480F0A196A6A81000E9DF2</string>
				<string>3A480F0B196A6A81000E9DF2</string>
				<string>3A480F0C196A6A81000E9DF2</string>
				<string>3A480F10196A6A8F000E9DF2</string>
				<string>3A480EF5196A69B1000E9DF2</string>
			</array>
			<key>isa</key>
			<string>PBXGroup</string>
			<key>path</key>
			<string>VENSeparatorViewTests</string>
			<key>sourceTree</key>
			<string>&lt;group&gt;</string>
		</dict>
		<key>3A480EF5196A69B1000E9DF2</key>
		<dict>
			<key>children</key>
			<array>
				<string>3A480EF6196A69B1000E9DF2</string>
				<string>3A480EF7196A69B1000E9DF2</string>
			</array>
			<key>isa</key>
			<string>PBXGroup</string>
			<key>name</key>
			<string>Supporting Files</string>
			<key>sourceTree</key>
			<string>&lt;group&gt;</string>
		</dict>
		<key>3A480EF6196A69B1000E9DF2</key>
		<dict>
			<key>isa</key>
			<string>PBXFileReference</string>
			<key>lastKnownFileType</key>
			<string>text.plist.xml</string>
			<key>path</key>
			<string>VENSeparatorViewTests-Info.plist</string>
			<key>sourceTree</key>
			<string>&lt;group&gt;</string>
		</dict>
		<key>3A480EF7196A69B1000E9DF2</key>
		<dict>
			<key>children</key>
			<array>
				<string>3A480EF8196A69B1000E9DF2</string>
			</array>
			<key>isa</key>
			<string>PBXVariantGroup</string>
			<key>name</key>
			<string>InfoPlist.strings</string>
			<key>sourceTree</key>
			<string>&lt;group&gt;</string>
		</dict>
		<key>3A480EF8196A69B1000E9DF2</key>
		<dict>
			<key>isa</key>
			<string>PBXFileReference</string>
			<key>lastKnownFileType</key>
			<string>text.plist.strings</string>
			<key>name</key>
			<string>en</string>
			<key>path</key>
			<string>en.lproj/InfoPlist.strings</string>
			<key>sourceTree</key>
			<string>&lt;group&gt;</string>
		</dict>
		<key>3A480EF9196A69B1000E9DF2</key>
		<dict>
			<key>fileRef</key>
			<string>3A480EF7196A69B1000E9DF2</string>
			<key>isa</key>
			<string>PBXBuildFile</string>
		</dict>
		<key>3A480EFC196A69B1000E9DF2</key>
		<dict>
			<key>buildSettings</key>
			<dict>
				<key>ALWAYS_SEARCH_USER_PATHS</key>
				<string>NO</string>
				<key>CLANG_CXX_LANGUAGE_STANDARD</key>
				<string>gnu++0x</string>
				<key>CLANG_CXX_LIBRARY</key>
				<string>libc++</string>
				<key>CLANG_ENABLE_MODULES</key>
				<string>YES</string>
				<key>CLANG_ENABLE_OBJC_ARC</key>
				<string>YES</string>
				<key>CLANG_WARN_BOOL_CONVERSION</key>
				<string>YES</string>
				<key>CLANG_WARN_CONSTANT_CONVERSION</key>
				<string>YES</string>
				<key>CLANG_WARN_DIRECT_OBJC_ISA_USAGE</key>
				<string>YES_ERROR</string>
				<key>CLANG_WARN_EMPTY_BODY</key>
				<string>YES</string>
				<key>CLANG_WARN_ENUM_CONVERSION</key>
				<string>YES</string>
				<key>CLANG_WARN_INT_CONVERSION</key>
				<string>YES</string>
				<key>CLANG_WARN_OBJC_ROOT_CLASS</key>
				<string>YES_ERROR</string>
				<key>CLANG_WARN__DUPLICATE_METHOD_MATCH</key>
				<string>YES</string>
				<key>COPY_PHASE_STRIP</key>
				<string>NO</string>
				<key>GCC_C_LANGUAGE_STANDARD</key>
				<string>gnu99</string>
				<key>GCC_DYNAMIC_NO_PIC</key>
				<string>NO</string>
				<key>GCC_OPTIMIZATION_LEVEL</key>
				<string>0</string>
				<key>GCC_PREPROCESSOR_DEFINITIONS</key>
				<array>
					<string>DEBUG=1</string>
					<string>$(inherited)</string>
				</array>
				<key>GCC_SYMBOLS_PRIVATE_EXTERN</key>
				<string>NO</string>
				<key>GCC_WARN_64_TO_32_BIT_CONVERSION</key>
				<string>YES</string>
				<key>GCC_WARN_ABOUT_RETURN_TYPE</key>
				<string>YES_ERROR</string>
				<key>GCC_WARN_UNDECLARED_SELECTOR</key>
				<string>YES</string>
				<key>GCC_WARN_UNINITIALIZED_AUTOS</key>
				<string>YES_AGGRESSIVE</string>
				<key>GCC_WARN_UNUSED_FUNCTION</key>
				<string>YES</string>
				<key>GCC_WARN_UNUSED_VARIABLE</key>
				<string>YES</string>
				<key>IPHONEOS_DEPLOYMENT_TARGET</key>
				<string>7.1</string>
				<key>ONLY_ACTIVE_ARCH</key>
				<string>YES</string>
				<key>SDKROOT</key>
				<string>iphoneos</string>
			</dict>
			<key>isa</key>
			<string>XCBuildConfiguration</string>
			<key>name</key>
			<string>Debug</string>
		</dict>
		<key>3A480EFD196A69B1000E9DF2</key>
		<dict>
			<key>buildSettings</key>
			<dict>
				<key>ALWAYS_SEARCH_USER_PATHS</key>
				<string>NO</string>
				<key>CLANG_CXX_LANGUAGE_STANDARD</key>
				<string>gnu++0x</string>
				<key>CLANG_CXX_LIBRARY</key>
				<string>libc++</string>
				<key>CLANG_ENABLE_MODULES</key>
				<string>YES</string>
				<key>CLANG_ENABLE_OBJC_ARC</key>
				<string>YES</string>
				<key>CLANG_WARN_BOOL_CONVERSION</key>
				<string>YES</string>
				<key>CLANG_WARN_CONSTANT_CONVERSION</key>
				<string>YES</string>
				<key>CLANG_WARN_DIRECT_OBJC_ISA_USAGE</key>
				<string>YES_ERROR</string>
				<key>CLANG_WARN_EMPTY_BODY</key>
				<string>YES</string>
				<key>CLANG_WARN_ENUM_CONVERSION</key>
				<string>YES</string>
				<key>CLANG_WARN_INT_CONVERSION</key>
				<string>YES</string>
				<key>CLANG_WARN_OBJC_ROOT_CLASS</key>
				<string>YES_ERROR</string>
				<key>CLANG_WARN__DUPLICATE_METHOD_MATCH</key>
				<string>YES</string>
				<key>COPY_PHASE_STRIP</key>
				<string>YES</string>
				<key>ENABLE_NS_ASSERTIONS</key>
				<string>NO</string>
				<key>GCC_C_LANGUAGE_STANDARD</key>
				<string>gnu99</string>
				<key>GCC_WARN_64_TO_32_BIT_CONVERSION</key>
				<string>YES</string>
				<key>GCC_WARN_ABOUT_RETURN_TYPE</key>
				<string>YES_ERROR</string>
				<key>GCC_WARN_UNDECLARED_SELECTOR</key>
				<string>YES</string>
				<key>GCC_WARN_UNINITIALIZED_AUTOS</key>
				<string>YES_AGGRESSIVE</string>
				<key>GCC_WARN_UNUSED_FUNCTION</key>
				<string>YES</string>
				<key>GCC_WARN_UNUSED_VARIABLE</key>
				<string>YES</string>
				<key>IPHONEOS_DEPLOYMENT_TARGET</key>
				<string>7.1</string>
				<key>SDKROOT</key>
				<string>iphoneos</string>
				<key>VALIDATE_PRODUCT</key>
				<string>YES</string>
			</dict>
			<key>isa</key>
			<string>XCBuildConfiguration</string>
			<key>name</key>
			<string>Release</string>
		</dict>
		<key>3A480EFE196A69B1000E9DF2</key>
		<dict>
			<key>buildConfigurations</key>
			<array>
				<string>3A480EFF196A69B1000E9DF2</string>
				<string>3A480F00196A69B1000E9DF2</string>
			</array>
			<key>defaultConfigurationIsVisible</key>
			<string>0</string>
			<key>defaultConfigurationName</key>
			<string>Release</string>
			<key>isa</key>
			<string>XCConfigurationList</string>
		</dict>
		<key>3A480EFF196A69B1000E9DF2</key>
		<dict>
			<key>buildSettings</key>
			<dict>
				<key>DSTROOT</key>
				<string>/tmp/VENSeparatorView.dst</string>
				<key>GCC_PRECOMPILE_PREFIX_HEADER</key>
				<string>YES</string>
				<key>GCC_PREFIX_HEADER</key>
				<string>VENSeparatorView/VENSeparatorView-Prefix.pch</string>
				<key>OTHER_LDFLAGS</key>
				<string>-ObjC</string>
				<key>PRODUCT_NAME</key>
				<string>$(TARGET_NAME)</string>
				<key>SKIP_INSTALL</key>
				<string>YES</string>
			</dict>
			<key>isa</key>
			<string>XCBuildConfiguration</string>
			<key>name</key>
			<string>Debug</string>
		</dict>
		<key>3A480F00196A69B1000E9DF2</key>
		<dict>
			<key>buildSettings</key>
			<dict>
				<key>DSTROOT</key>
				<string>/tmp/VENSeparatorView.dst</string>
				<key>GCC_PRECOMPILE_PREFIX_HEADER</key>
				<string>YES</string>
				<key>GCC_PREFIX_HEADER</key>
				<string>VENSeparatorView/VENSeparatorView-Prefix.pch</string>
				<key>OTHER_LDFLAGS</key>
				<string>-ObjC</string>
				<key>PRODUCT_NAME</key>
				<string>$(TARGET_NAME)</string>
				<key>SKIP_INSTALL</key>
				<string>YES</string>
			</dict>
			<key>isa</key>
			<string>XCBuildConfiguration</string>
			<key>name</key>
			<string>Release</string>
		</dict>
		<key>3A480F01196A69B1000E9DF2</key>
		<dict>
			<key>buildConfigurations</key>
			<array>
				<string>3A480F02196A69B1000E9DF2</string>
				<string>3A480F03196A69B1000E9DF2</string>
			</array>
			<key>defaultConfigurationIsVisible</key>
			<string>0</string>
			<key>defaultConfigurationName</key>
			<string>Release</string>
			<key>isa</key>
			<string>XCConfigurationList</string>
		</dict>
		<key>3A480F02196A69B1000E9DF2</key>
		<dict>
			<key>baseConfigurationReference</key>
			<string>F2975EAAF21C4D788C891C58</string>
			<key>buildSettings</key>
			<dict>
				<key>FRAMEWORK_SEARCH_PATHS</key>
				<array>
					<string>$(SDKROOT)/Developer/Library/Frameworks</string>
					<string>$(inherited)</string>
					<string>$(DEVELOPER_FRAMEWORKS_DIR)</string>
				</array>
				<key>GCC_PRECOMPILE_PREFIX_HEADER</key>
				<string>YES</string>
				<key>GCC_PREFIX_HEADER</key>
				<string>VENSeparatorView/VENSeparatorView-Prefix.pch</string>
				<key>GCC_PREPROCESSOR_DEFINITIONS</key>
				<array>
					<string>DEBUG=1</string>
					<string>$(inherited)</string>
				</array>
				<key>INFOPLIST_FILE</key>
				<string>VENSeparatorViewTests/VENSeparatorViewTests-Info.plist</string>
				<key>PRODUCT_NAME</key>
				<string>$(TARGET_NAME)</string>
				<key>WRAPPER_EXTENSION</key>
				<string>xctest</string>
			</dict>
			<key>isa</key>
			<string>XCBuildConfiguration</string>
			<key>name</key>
			<string>Debug</string>
		</dict>
		<key>3A480F03196A69B1000E9DF2</key>
		<dict>
			<key>baseConfigurationReference</key>
			<string>F2975EAAF21C4D788C891C58</string>
			<key>buildSettings</key>
			<dict>
				<key>FRAMEWORK_SEARCH_PATHS</key>
				<array>
					<string>$(SDKROOT)/Developer/Library/Frameworks</string>
					<string>$(inherited)</string>
					<string>$(DEVELOPER_FRAMEWORKS_DIR)</string>
				</array>
				<key>GCC_PRECOMPILE_PREFIX_HEADER</key>
				<string>YES</string>
				<key>GCC_PREFIX_HEADER</key>
				<string>VENSeparatorView/VENSeparatorView-Prefix.pch</string>
				<key>INFOPLIST_FILE</key>
				<string>VENSeparatorViewTests/VENSeparatorViewTests-Info.plist</string>
				<key>PRODUCT_NAME</key>
				<string>$(TARGET_NAME)</string>
				<key>WRAPPER_EXTENSION</key>
				<string>xctest</string>
			</dict>
			<key>isa</key>
			<string>XCBuildConfiguration</string>
			<key>name</key>
			<string>Release</string>
		</dict>
		<key>3A480F04196A6A6C000E9DF2</key>
		<dict>
			<key>fileEncoding</key>
			<string>4</string>
			<key>isa</key>
			<string>PBXFileReference</string>
			<key>lastKnownFileType</key>
			<string>sourcecode.c.h</string>
			<key>path</key>
			<string>UITableViewCell+VENSeparatorView.h</string>
			<key>sourceTree</key>
			<string>&lt;group&gt;</string>
		</dict>
		<key>3A480F05196A6A6C000E9DF2</key>
		<dict>
			<key>fileEncoding</key>
			<string>4</string>
			<key>isa</key>
			<string>PBXFileReference</string>
			<key>lastKnownFileType</key>
			<string>sourcecode.c.objc</string>
			<key>path</key>
			<string>UITableViewCell+VENSeparatorView.m</string>
			<key>sourceTree</key>
			<string>&lt;group&gt;</string>
		</dict>
		<key>3A480F06196A6A6C000E9DF2</key>
		<dict>
			<key>fileEncoding</key>
			<string>4</string>
			<key>isa</key>
			<string>PBXFileReference</string>
			<key>lastKnownFileType</key>
			<string>sourcecode.c.h</string>
			<key>path</key>
			<string>VENSeparatorTableViewCellProvider.h</string>
			<key>sourceTree</key>
			<string>&lt;group&gt;</string>
		</dict>
		<key>3A480F07196A6A6C000E9DF2</key>
		<dict>
			<key>fileEncoding</key>
			<string>4</string>
			<key>isa</key>
			<string>PBXFileReference</string>
			<key>lastKnownFileType</key>
			<string>sourcecode.c.objc</string>
			<key>path</key>
			<string>VENSeparatorTableViewCellProvider.m</string>
			<key>sourceTree</key>
			<string>&lt;group&gt;</string>
		</dict>
		<key>3A480F08196A6A6C000E9DF2</key>
		<dict>
			<key>fileRef</key>
			<string>3A480F05196A6A6C000E9DF2</string>
			<key>isa</key>
			<string>PBXBuildFile</string>
		</dict>
		<key>3A480F09196A6A6C000E9DF2</key>
		<dict>
			<key>fileRef</key>
			<string>3A480F07196A6A6C000E9DF2</string>
			<key>isa</key>
			<string>PBXBuildFile</string>
		</dict>
		<key>3A480F0A196A6A81000E9DF2</key>
		<dict>
			<key>fileEncoding</key>
			<string>4</string>
			<key>isa</key>
			<string>PBXFileReference</string>
			<key>lastKnownFileType</key>
			<string>sourcecode.c.objc</string>
			<key>path</key>
			<string>UITableViewCell+VENSeparatorViewSpec.m</string>
			<key>sourceTree</key>
			<string>&lt;group&gt;</string>
		</dict>
		<key>3A480F0B196A6A81000E9DF2</key>
		<dict>
			<key>fileEncoding</key>
			<string>4</string>
			<key>isa</key>
			<string>PBXFileReference</string>
			<key>lastKnownFileType</key>
			<string>sourcecode.c.objc</string>
			<key>path</key>
			<string>VENSeparatorTableViewCellProviderSpec.m</string>
			<key>sourceTree</key>
			<string>&lt;group&gt;</string>
		</dict>
		<key>3A480F0C196A6A81000E9DF2</key>
		<dict>
			<key>fileEncoding</key>
			<string>4</string>
			<key>isa</key>
			<string>PBXFileReference</string>
			<key>lastKnownFileType</key>
			<string>sourcecode.c.objc</string>
			<key>path</key>
			<string>VENSeparatorViewSpec.m</string>
			<key>sourceTree</key>
			<string>&lt;group&gt;</string>
		</dict>
		<key>3A480F0D196A6A81000E9DF2</key>
		<dict>
			<key>fileRef</key>
			<string>3A480F0A196A6A81000E9DF2</string>
			<key>isa</key>
			<string>PBXBuildFile</string>
		</dict>
		<key>3A480F0E196A6A81000E9DF2</key>
		<dict>
			<key>fileRef</key>
			<string>3A480F0B196A6A81000E9DF2</string>
			<key>isa</key>
			<string>PBXBuildFile</string>
		</dict>
		<key>3A480F0F196A6A81000E9DF2</key>
		<dict>
			<key>fileRef</key>
			<string>3A480F0C196A6A81000E9DF2</string>
			<key>isa</key>
			<string>PBXBuildFile</string>
		</dict>
		<key>3A480F10196A6A8F000E9DF2</key>
		<dict>
			<key>children</key>
			<array>
				<string>3A480F11196A6A9B000E9DF2</string>
				<string>3A480F12196A6A9B000E9DF2</string>
				<string>3A480F13196A6A9B000E9DF2</string>
				<string>3A480F14196A6A9B000E9DF2</string>
			</array>
			<key>isa</key>
			<string>PBXGroup</string>
			<key>name</key>
			<string>Resources</string>
			<key>sourceTree</key>
			<string>&lt;group&gt;</string>
		</dict>
		<key>3A480F11196A6A9B000E9DF2</key>
		<dict>
			<key>fileEncoding</key>
			<string>4</string>
			<key>isa</key>
			<string>PBXFileReference</string>
			<key>lastKnownFileType</key>
			<string>sourcecode.c.h</string>
			<key>name</key>
			<string>SampleSubclassSeparatorView.h</string>
			<key>path</key>
			<string>Resources/SampleSubclassSeparatorView.h</string>
			<key>sourceTree</key>
			<string>&lt;group&gt;</string>
		</dict>
		<key>3A480F12196A6A9B000E9DF2</key>
		<dict>
			<key>fileEncoding</key>
			<string>4</string>
			<key>isa</key>
			<string>PBXFileReference</string>
			<key>lastKnownFileType</key>
			<string>sourcecode.c.objc</string>
			<key>name</key>
			<string>SampleSubclassSeparatorView.m</string>
			<key>path</key>
			<string>Resources/SampleSubclassSeparatorView.m</string>
			<key>sourceTree</key>
			<string>&lt;group&gt;</string>
		</dict>
		<key>3A480F13196A6A9B000E9DF2</key>
		<dict>
			<key>fileEncoding</key>
			<string>4</string>
			<key>isa</key>
			<string>PBXFileReference</string>
			<key>lastKnownFileType</key>
			<string>sourcecode.c.h</string>
			<key>name</key>
			<string>SampleTableViewCellProviderDelegate.h</string>
			<key>path</key>
			<string>Resources/SampleTableViewCellProviderDelegate.h</string>
			<key>sourceTree</key>
			<string>&lt;group&gt;</string>
		</dict>
		<key>3A480F14196A6A9B000E9DF2</key>
		<dict>
			<key>fileEncoding</key>
			<string>4</string>
			<key>isa</key>
			<string>PBXFileReference</string>
			<key>lastKnownFileType</key>
			<string>sourcecode.c.objc</string>
			<key>name</key>
			<string>SampleTableViewCellProviderDelegate.m</string>
			<key>path</key>
			<string>Resources/SampleTableViewCellProviderDelegate.m</string>
			<key>sourceTree</key>
			<string>&lt;group&gt;</string>
		</dict>
		<key>3A480F15196A6A9B000E9DF2</key>
		<dict>
			<key>fileRef</key>
			<string>3A480F12196A6A9B000E9DF2</string>
			<key>isa</key>
			<string>PBXBuildFile</string>
		</dict>
		<key>3A480F16196A6A9B000E9DF2</key>
		<dict>
			<key>fileRef</key>
			<string>3A480F14196A6A9B000E9DF2</string>
			<key>isa</key>
			<string>PBXBuildFile</string>
		</dict>
		<key>74F4B74620514F6DA7DDB87E</key>
		<dict>
			<key>fileRef</key>
			<string>BC623462175E4923AD555866</string>
			<key>isa</key>
			<string>PBXBuildFile</string>
		</dict>
		<key>9AD2A13731D945248F69F76F</key>
		<dict>
			<key>buildActionMask</key>
			<string>2147483647</string>
			<key>files</key>
			<array/>
			<key>inputPaths</key>
			<array/>
			<key>isa</key>
			<string>PBXShellScriptBuildPhase</string>
			<key>name</key>
			<string>Check Pods Manifest.lock</string>
			<key>outputPaths</key>
			<array/>
			<key>runOnlyForDeploymentPostprocessing</key>
			<string>0</string>
			<key>shellPath</key>
			<string>/bin/sh</string>
			<key>shellScript</key>
			<string>diff "${PODS_ROOT}/../Podfile.lock" "${PODS_ROOT}/Manifest.lock" &gt; /dev/null
if [[ $? != 0 ]] ; then
    cat &lt;&lt; EOM
error: The sandbox is not in sync with the Podfile.lock. Run 'pod install' or update your CocoaPods installation.
EOM
    exit 1
fi
</string>
			<key>showEnvVarsInLog</key>
			<string>0</string>
		</dict>
		<key>9BA8B84955ED47D78E76AD2D</key>
		<dict>
			<key>buildActionMask</key>
			<string>2147483647</string>
			<key>files</key>
			<array/>
			<key>inputPaths</key>
			<array/>
			<key>isa</key>
			<string>PBXShellScriptBuildPhase</string>
			<key>name</key>
			<string>Copy Pods Resources</string>
			<key>outputPaths</key>
			<array/>
			<key>runOnlyForDeploymentPostprocessing</key>
			<string>0</string>
			<key>shellPath</key>
			<string>/bin/sh</string>
			<key>shellScript</key>
			<string>"${SRCROOT}/Pods/Pods-VENSeparatorViewTests-resources.sh"
</string>
			<key>showEnvVarsInLog</key>
			<string>0</string>
		</dict>
		<key>BC623462175E4923AD555866</key>
		<dict>
			<key>explicitFileType</key>
			<string>archive.ar</string>
			<key>includeInIndex</key>
			<string>0</string>
			<key>isa</key>
			<string>PBXFileReference</string>
			<key>path</key>
			<string>libPods-VENSeparatorViewTests.a</string>
			<key>sourceTree</key>
			<string>BUILT_PRODUCTS_DIR</string>
		</dict>
		<key>F2975EAAF21C4D788C891C58</key>
		<dict>
			<key>includeInIndex</key>
			<string>1</string>
			<key>isa</key>
			<string>PBXFileReference</string>
			<key>lastKnownFileType</key>
			<string>text.xcconfig</string>
			<key>name</key>
			<string>Pods-VENSeparatorViewTests.xcconfig</string>
			<key>path</key>
			<string>Pods/Pods-VENSeparatorViewTests.xcconfig</string>
			<key>sourceTree</key>
			<string>&lt;group&gt;</string>
		</dict>
	</dict>
	<key>rootObject</key>
	<string>3A480ED3196A69B1000E9DF2</string>
</dict>
</plist>
